
Microsoft Visual Studio Solution File, Format Version 11.00
# Visual Studio 2010
Project("{F2A71F9B-5D33-465A-A702-920D77279786}") = "SnappyBird", "src\SnappyBird.fsproj", "{60C9F0FF-321A-4DEC-8583-741EDD83A316}"
EndProject
Project("{F2A71F9B-5D33-465A-A702-920D77279786}") = "SnappyBird.Tests", "tests\SnappyBird.Tests.fsproj", "{B6520334-0BA2-4D1D-B276-ACC31BA05041}"
EndProject
Project("{FAE04EC0-301F-11D3-BF4B-00C04F79EFBC}") = "SnappyBird.WebsiteSnapshotCSharpCheat", "csharp\web_snapshot\SnappyBird.WebsiteSnapshotCSharpCheat.csproj", "{2D6BE9F5-33FE-4215-B4CB-4AC1305727F1}"
EndProject
Project("{FAE04EC0-301F-11D3-BF4B-00C04F79EFBC}") = "AConsole", "AConsole\AConsole.csproj", "{CAFF4E3B-4496-4C93-82A1-3356E73DF490}"
EndProject
Global
	GlobalSection(SolutionConfigurationPlatforms) = preSolution
		Debug|Any CPU = Debug|Any CPU
		Debug|Mixed Platforms = Debug|Mixed Platforms
		Debug|x86 = Debug|x86
		Release|Any CPU = Release|Any CPU
		Release|Mixed Platforms = Release|Mixed Platforms
		Release|x86 = Release|x86
	EndGlobalSection
	GlobalSection(ProjectConfigurationPlatforms) = postSolution
		{60C9F0FF-321A-4DEC-8583-741EDD83A316}.Debug|Any CPU.ActiveCfg = Debug|Any CPU
		{60C9F0FF-321A-4DEC-8583-741EDD83A316}.Debug|Any CPU.Build.0 = Debug|Any CPU
		{60C9F0FF-321A-4DEC-8583-741EDD83A316}.Debug|Mixed Platforms.ActiveCfg = Debug|Any CPU
		{60C9F0FF-321A-4DEC-8583-741EDD83A316}.Debug|Mixed Platforms.Build.0 = Debug|Any CPU
		{60C9F0FF-321A-4DEC-8583-741EDD83A316}.Debug|x86.ActiveCfg = Debug|Any CPU
		{60C9F0FF-321A-4DEC-8583-741EDD83A316}.Release|Any CPU.ActiveCfg = Release|Any CPU
		{60C9F0FF-321A-4DEC-8583-741EDD83A316}.Release|Any CPU.Build.0 = Release|Any CPU
		{60C9F0FF-321A-4DEC-8583-741EDD83A316}.Release|Mixed Platforms.ActiveCfg = Release|Any CPU
		{60C9F0FF-321A-4DEC-8583-741EDD83A316}.Release|Mixed Platforms.Build.0 = Release|Any CPU
		{60C9F0FF-321A-4DEC-8583-741EDD83A316}.Release|x86.ActiveCfg = Release|Any CPU
		{B6520334-0BA2-4D1D-B276-ACC31BA05041}.Debug|Any CPU.ActiveCfg = Debug|Any CPU
		{B6520334-0BA2-4D1D-B276-ACC31BA05041}.Debug|Any CPU.Build.0 = Debug|Any CPU
		{B6520334-0BA2-4D1D-B276-ACC31BA05041}.Debug|Mixed Platforms.ActiveCfg = Debug|Any CPU
		{B6520334-0BA2-4D1D-B276-ACC31BA05041}.Debug|Mixed Platforms.Build.0 = Debug|Any CPU
		{B6520334-0BA2-4D1D-B276-ACC31BA05041}.Debug|x86.ActiveCfg = Debug|Any CPU
		{B6520334-0BA2-4D1D-B276-ACC31BA05041}.Release|Any CPU.ActiveCfg = Release|Any CPU
		{B6520334-0BA2-4D1D-B276-ACC31BA05041}.Release|Any CPU.Build.0 = Release|Any CPU
		{B6520334-0BA2-4D1D-B276-ACC31BA05041}.Release|Mixed Platforms.ActiveCfg = Release|Any CPU
		{B6520334-0BA2-4D1D-B276-ACC31BA05041}.Release|Mixed Platforms.Build.0 = Release|Any CPU
		{B6520334-0BA2-4D1D-B276-ACC31BA05041}.Release|x86.ActiveCfg = Release|Any CPU
		{2D6BE9F5-33FE-4215-B4CB-4AC1305727F1}.Debug|Any CPU.ActiveCfg = Debug|Any CPU
		{2D6BE9F5-33FE-4215-B4CB-4AC1305727F1}.Debug|Any CPU.Build.0 = Debug|Any CPU
		{2D6BE9F5-33FE-4215-B4CB-4AC1305727F1}.Debug|Mixed Platforms.ActiveCfg = Debug|Any CPU
		{2D6BE9F5-33FE-4215-B4CB-4AC1305727F1}.Debug|Mixed Platforms.Build.0 = Debug|Any CPU
		{2D6BE9F5-33FE-4215-B4CB-4AC1305727F1}.Debug|x86.ActiveCfg = Debug|Any CPU
		{2D6BE9F5-33FE-4215-B4CB-4AC1305727F1}.Release|Any CPU.ActiveCfg = Release|Any CPU
		{2D6BE9F5-33FE-4215-B4CB-4AC1305727F1}.Release|Any CPU.Build.0 = Release|Any CPU
		{2D6BE9F5-33FE-4215-B4CB-4AC1305727F1}.Release|Mixed Platforms.ActiveCfg = Release|Any CPU
		{2D6BE9F5-33FE-4215-B4CB-4AC1305727F1}.Release|Mixed Platforms.Build.0 = Release|Any CPU
		{2D6BE9F5-33FE-4215-B4CB-4AC1305727F1}.Release|x86.ActiveCfg = Release|Any CPU
		{CAFF4E3B-4496-4C93-82A1-3356E73DF490}.Debug|Any CPU.ActiveCfg = Debug|x86
		{CAFF4E3B-4496-4C93-82A1-3356E73DF490}.Debug|Mixed Platforms.ActiveCfg = Debug|x86
		{CAFF4E3B-4496-4C93-82A1-3356E73DF490}.Debug|Mixed Platforms.Build.0 = Debug|x86
		{CAFF4E3B-4496-4C93-82A1-3356E73DF490}.Debug|x86.ActiveCfg = Debug|x86
		{CAFF4E3B-4496-4C93-82A1-3356E73DF490}.Debug|x86.Build.0 = Debug|x86
		{CAFF4E3B-4496-4C93-82A1-3356E73DF490}.Release|Any CPU.ActiveCfg = Release|x86
		{CAFF4E3B-4496-4C93-82A1-3356E73DF490}.Release|Mixed Platforms.ActiveCfg = Release|x86
		{CAFF4E3B-4496-4C93-82A1-3356E73DF490}.Release|Mixed Platforms.Build.0 = Release|x86
		{CAFF4E3B-4496-4C93-82A1-3356E73DF490}.Release|x86.ActiveCfg = Release|x86
		{CAFF4E3B-4496-4C93-82A1-3356E73DF490}.Release|x86.Build.0 = Release|x86
	EndGlobalSection
	GlobalSection(SolutionProperties) = preSolution
		HideSolutionNode = FALSE
	EndGlobalSection
EndGlobal
